
Microsoft Visual Studio Solution File, Format Version 12.00
# Visual Studio Version 17
VisualStudioVersion = 17.8.34408.163
MinimumVisualStudioVersion = 10.0.40219.1
Project("{FAE04EC0-301F-11D3-BF4B-00C04F79EFBC}") = "MovieTheaterAPI", "MovieTheaterAPI\MovieTheaterAPI.csproj", "{50BF8090-7839-41B2-9C42-D1E80F05C3C9}"
EndProject
Global
	GlobalSection(SolutionConfigurationPlatforms) = preSolution
		Debug|Any CPU = Debug|Any CPU
		Release|Any CPU = Release|Any CPU
	EndGlobalSection
	GlobalSection(ProjectConfigurationPlatforms) = postSolution
		{50BF8090-7839-41B2-9C42-D1E80F05C3C9}.Debug|Any CPU.ActiveCfg = Debug|Any CPU
		{50BF8090-7839-41B2-9C42-D1E80F05C3C9}.Debug|Any CPU.Build.0 = Debug|Any CPU
		{50BF8090-7839-41B2-9C42-D1E80F05C3C9}.Release|Any CPU.ActiveCfg = Release|Any CPU
		{50BF8090-7839-41B2-9C42-D1E80F05C3C9}.Release|Any CPU.Build.0 = Release|Any CPU
	EndGlobalSection
	GlobalSection(SolutionProperties) = preSolution
		HideSolutionNode = FALSE
	EndGlobalSection
	GlobalSection(ExtensibilityGlobals) = postSolution
		SolutionGuid = {EC7EC7F6-A7AF-4C94-9CE8-362CF06DEF51}
	EndGlobalSection
EndGlobal
